
Microsoft Visual Studio Solution File, Format Version 12.00
# Visual Studio 2012
Project("{FAE04EC0-301F-11D3-BF4B-00C04F79EFBC}") = "DataSync.Utils", "DataSync.Utils.csproj", "{DC9D78FA-3DD3-4DDA-A921-7C8762E8C13F}"
EndProject
Global
	GlobalSection(SolutionConfigurationPlatforms) = preSolution
		Debug|Any CPU = Debug|Any CPU
		Release|Any CPU = Release|Any CPU
	EndGlobalSection
	GlobalSection(ProjectConfigurationPlatforms) = postSolution
		{DC9D78FA-3DD3-4DDA-A921-7C8762E8C13F}.Debug|Any CPU.ActiveCfg = Debug|Any CPU
		{DC9D78FA-3DD3-4DDA-A921-7C8762E8C13F}.Debug|Any CPU.Build.0 = Debug|Any CPU
		{DC9D78FA-3DD3-4DDA-A921-7C8762E8C13F}.Release|Any CPU.ActiveCfg = Release|Any CPU
		{DC9D78FA-3DD3-4DDA-A921-7C8762E8C13F}.Release|Any CPU.Build.0 = Release|Any CPU
	EndGlobalSection
	GlobalSection(SolutionProperties) = preSolution
		HideSolutionNode = FALSE
	EndGlobalSection
EndGlobal
